<?xml version="1.0" encoding="utf-8"?>
<Project ToolsVersion="4.0" xmlns="http://schemas.microsoft.com/developer/msbuild/2003">
  <ItemGroup>
    <Filter Include="Cloth">
      <UniqueIdentifier>{23a34dc8-4495-4d08-bee1-da439a88823d}</UniqueIdentifier>
    </Filter>
    <Filter Include="Container">
      <UniqueIdentifier>{7062bb07-9b15-4e7d-9cad-c06b6a08ae48}</UniqueIdentifier>
    </Filter>
    <Filter Include="Encoder">
      <UniqueIdentifier>{6e87240c-928d-41e0-b0ee-3519ff0f73e2}</UniqueIdentifier>
    </Filter>
    <Filter Include="Encoder\Import">
      <UniqueIdentifier>{3995e0b5-d8e5-4e77-8f52-c8cefe41b938}</UniqueIdentifier>
    </Filter>
    <Filter Include="CLI">
      <UniqueIdentifier>{4FC737F1-C7A5-4376-A066-2A32D752A2FF}</UniqueIdentifier>
      <Extensions>cpp;c;cc;cxx;c++;cppm;ixx;def;odl;idl;hpj;bat;asm;asmx</Extensions>
    </Filter>
    <Filter Include="Include">
      <UniqueIdentifier>{93995380-89BD-4b04-88EB-625FBE52EBFB}</UniqueIdentifier>
      <Extensions>h;hh;hpp;hxx;h++;hm;inl;inc;ipp;xsd</Extensions>
    </Filter>
    <Filter Include="Cloth\SimMesh">
      <UniqueIdentifier>{755418ea-be45-44c2-b3bb-0c5dc0375844}</UniqueIdentifier>
    </Filter>
    <Filter Include="Cloth\SimMesh\Headers">
      <UniqueIdentifier>{dc963a28-5233-4167-b370-60f3c8220fae}</UniqueIdentifier>
    </Filter>
    <Filter Include="Cloth\SimMesh\Source">
      <UniqueIdentifier>{9527d85c-407e-4184-886a-7434ff627577}</UniqueIdentifier>
    </Filter>
  </ItemGroup>
  <ItemGroup>
    <ClCompile Include="main.cpp">
      <Filter>CLI</Filter>
    </ClCompile>
    <ClCompile Include="include\BinaryIO.cpp">
      <Filter>Include</Filter>
    </ClCompile>
    <ClCompile Include="src\Container\clothfile.cpp">
      <Filter>Container</Filter>
    </ClCompile>
    <ClCompile Include="src\Encoder\clothsave.cpp">
      <Filter>Encoder</Filter>
    </ClCompile>
    <ClCompile Include="src\Encoder\clothencoder.cpp">
      <Filter>Encoder</Filter>
    </ClCompile>
    <ClCompile Include="src\Encoder\Import\simmeshjson.cpp">
      <Filter>Encoder\Import</Filter>
    </ClCompile>
    <ClCompile Include="src\Cloth\clothstructs.cpp">
      <Filter>Container</Filter>
    </ClCompile>
    <ClCompile Include="src\Cloth\Mesh\simmesh_obj.cpp">
      <Filter>Cloth\SimMesh\Source</Filter>
    </ClCompile>
    <ClCompile Include="src\Cloth\Mesh\simmesh_pattern.cpp">
      <Filter>Cloth\SimMesh\Source</Filter>
    </ClCompile>
    <ClCompile Include="src\Cloth\Mesh\simmesh_skin.cpp">
      <Filter>Cloth\SimMesh\Source</Filter>
    </ClCompile>
    <ClCompile Include="src\Cloth\Mesh\simmesh_col.cpp">
      <Filter>Cloth\SimMesh\Source</Filter>
    </ClCompile>
    <ClCompile Include="src\Cloth\Mesh\simmesh_constraint.cpp">
      <Filter>Cloth\SimMesh\Source</Filter>
    </ClCompile>
    <ClCompile Include="src\Cloth\Mesh\simmesh_def.cpp">
      <Filter>Cloth\SimMesh\Source</Filter>
    </ClCompile>
    <ClCompile Include="src\Cloth\Mesh\simmesh_rcn.cpp">
      <Filter>Cloth\SimMesh\Source</Filter>
    </ClCompile>
    <ClCompile Include="src\Cloth\cgamecloth.cpp">
      <Filter>Cloth</Filter>
    </ClCompile>
    <ClCompile Include="src\Cloth\csimmesh.cpp">
      <Filter>Cloth</Filter>
    </ClCompile>
    <ClCompile Include="include\common.cpp">
      <Filter>Include</Filter>
    </ClCompile>
    <ClCompile Include="include\hash.cpp">
      <Filter>Include</Filter>
    </ClCompile>
  </ItemGroup>
  <ItemGroup>
    <ClInclude Include="include\BinaryIO.h">
      <Filter>Include</Filter>
    </ClInclude>
    <ClInclude Include="src\Container\clothfile.h">
      <Filter>Container</Filter>
    </ClInclude>
    <ClInclude Include="src\Encoder\clothencoder.h">
      <Filter>Encoder</Filter>
    </ClInclude>
    <ClInclude Include="src\Encoder\clothsave.h">
      <Filter>Encoder</Filter>
    </ClInclude>
    <ClInclude Include="src\Encoder\Import\simmeshjson.h">
      <Filter>Encoder\Import</Filter>
    </ClInclude>
    <ClInclude Include="include\Json.hpp">
      <Filter>Include</Filter>
    </ClInclude>
    <ClInclude Include="src\Cloth\clothstructs.h">
      <Filter>Container</Filter>
    </ClInclude>
    <ClInclude Include="src\Cloth\Mesh\simmesh_def.h">
      <Filter>Cloth\SimMesh\Headers</Filter>
    </ClInclude>
    <ClInclude Include="src\Cloth\Mesh\simmesh_obj.h">
      <Filter>Cloth\SimMesh\Headers</Filter>
    </ClInclude>
    <ClInclude Include="src\Cloth\Mesh\simmesh_pattern.h">
      <Filter>Cloth\SimMesh\Headers</Filter>
    </ClInclude>
    <ClInclude Include="src\Cloth\Mesh\simmesh_skin.h">
      <Filter>Cloth\SimMesh\Headers</Filter>
    </ClInclude>
    <ClInclude Include="src\Cloth\Mesh\simmesh_col.h">
      <Filter>Cloth\SimMesh\Headers</Filter>
    </ClInclude>
    <ClInclude Include="src\Cloth\Mesh\simmesh_constraint.h">
      <Filter>Cloth\SimMesh\Headers</Filter>
    </ClInclude>
    <ClInclude Include="src\Cloth\Mesh\simmesh_rcn.h">
      <Filter>Cloth\SimMesh\Headers</Filter>
    </ClInclude>
    <ClInclude Include="src\Cloth\cgamecloth.h">
      <Filter>Cloth</Filter>
    </ClInclude>
    <ClInclude Include="src\cloth_tags.h">
      <Filter>Cloth</Filter>
    </ClInclude>
    <ClInclude Include="src\Cloth\csimmesh.h">
      <Filter>Cloth</Filter>
    </ClInclude>
    <ClInclude Include="src\memoryreader.h">
      <Filter>Cloth</Filter>
    </ClInclude>
    <ClInclude Include="include\common.h">
      <Filter>Include</Filter>
    </ClInclude>
    <ClInclude Include="include\hash.h">
      <Filter>Include</Filter>
    </ClInclude>
  </ItemGroup>
  <ItemGroup>
    <None Include="YukesSimMesh">
      <Filter>Include</Filter>
    </None>
    <None Include="YukesCloth">
      <Filter>Include</Filter>
    </None>
  </ItemGroup>
</Project>